
Microsoft Visual Studio Solution File, Format Version 12.00
# Visual Studio Version 17
VisualStudioVersion = 17.4.33213.308
MinimumVisualStudioVersion = 10.0.40219.1
Project("{54A90642-561A-4BB1-A94E-469ADEE60C69}") = "ASP_Project_FE", "ASP_Project_FE.esproj", "{81F17153-3D6B-47DC-A596-38488E319038}"
EndProject
Project("{9A19103F-16F7-4668-BE54-9A1E7A4F7556}") = "ASP_Project", "..\ASP_Project\ASP_Project.csproj", "{A053FB10-A8A6-4B1E-A06E-74B2512E368B}"
EndProject
Global
	GlobalSection(SolutionConfigurationPlatforms) = preSolution
		Debug|Any CPU = Debug|Any CPU
		Release|Any CPU = Release|Any CPU
	EndGlobalSection
	GlobalSection(ProjectConfigurationPlatforms) = postSolution
		{81F17153-3D6B-47DC-A596-38488E319038}.Debug|Any CPU.ActiveCfg = Debug|Any CPU
		{81F17153-3D6B-47DC-A596-38488E319038}.Debug|Any CPU.Build.0 = Debug|Any CPU
		{81F17153-3D6B-47DC-A596-38488E319038}.Debug|Any CPU.Deploy.0 = Debug|Any CPU
		{81F17153-3D6B-47DC-A596-38488E319038}.Release|Any CPU.ActiveCfg = Release|Any CPU
		{81F17153-3D6B-47DC-A596-38488E319038}.Release|Any CPU.Build.0 = Release|Any CPU
		{81F17153-3D6B-47DC-A596-38488E319038}.Release|Any CPU.Deploy.0 = Release|Any CPU
		{A053FB10-A8A6-4B1E-A06E-74B2512E368B}.Debug|Any CPU.ActiveCfg = Debug|Any CPU
		{A053FB10-A8A6-4B1E-A06E-74B2512E368B}.Debug|Any CPU.Build.0 = Debug|Any CPU
		{A053FB10-A8A6-4B1E-A06E-74B2512E368B}.Release|Any CPU.ActiveCfg = Release|Any CPU
		{A053FB10-A8A6-4B1E-A06E-74B2512E368B}.Release|Any CPU.Build.0 = Release|Any CPU
	EndGlobalSection
	GlobalSection(SolutionProperties) = preSolution
		HideSolutionNode = FALSE
	EndGlobalSection
	GlobalSection(ExtensibilityGlobals) = postSolution
		SolutionGuid = {7CEC50AA-1DF4-48A5-8FF8-7F17408F3494}
	EndGlobalSection
EndGlobal
